<?xml version="1.0" encoding="utf-8"?>
<Project ToolsVersion="15.0" xmlns="http://schemas.microsoft.com/developer/msbuild/2003">
  <ItemGroup>
    <ClCompile Include="D:\mount\libevent-2.1.10-win\source\buffer.c">
      <Filter>Source Core</Filter>
    </ClCompile>
    <ClCompile Include="D:\mount\libevent-2.1.10-win\source\bufferevent.c">
      <Filter>Source Core</Filter>
    </ClCompile>
    <ClCompile Include="D:\mount\libevent-2.1.10-win\source\bufferevent_filter.c">
      <Filter>Source Core</Filter>
    </ClCompile>
    <ClCompile Include="D:\mount\libevent-2.1.10-win\source\bufferevent_pair.c">
      <Filter>Source Core</Filter>
    </ClCompile>
    <ClCompile Include="D:\mount\libevent-2.1.10-win\source\bufferevent_ratelim.c">
      <Filter>Source Core</Filter>
    </ClCompile>
    <ClCompile Include="D:\mount\libevent-2.1.10-win\source\bufferevent_sock.c">
      <Filter>Source Core</Filter>
    </ClCompile>
    <ClCompile Include="D:\mount\libevent-2.1.10-win\source\event.c">
      <Filter>Source Core</Filter>
    </ClCompile>
    <ClCompile Include="D:\mount\libevent-2.1.10-win\source\evmap.c">
      <Filter>Source Core</Filter>
    </ClCompile>
    <ClCompile Include="D:\mount\libevent-2.1.10-win\source\evthread.c">
      <Filter>Source Core</Filter>
    </ClCompile>
    <ClCompile Include="D:\mount\libevent-2.1.10-win\source\evutil.c">
      <Filter>Source Core</Filter>
    </ClCompile>
    <ClCompile Include="D:\mount\libevent-2.1.10-win\source\evutil_rand.c">
      <Filter>Source Core</Filter>
    </ClCompile>
    <ClCompile Include="D:\mount\libevent-2.1.10-win\source\evutil_time.c">
      <Filter>Source Core</Filter>
    </ClCompile>
    <ClCompile Include="D:\mount\libevent-2.1.10-win\source\listener.c">
      <Filter>Source Core</Filter>
    </ClCompile>
    <ClCompile Include="D:\mount\libevent-2.1.10-win\source\log.c">
      <Filter>Source Core</Filter>
    </ClCompile>
    <ClCompile Include="D:\mount\libevent-2.1.10-win\source\signal.c">
      <Filter>Source Core</Filter>
    </ClCompile>
    <ClCompile Include="D:\mount\libevent-2.1.10-win\source\strlcpy.c">
      <Filter>Source Core</Filter>
    </ClCompile>
    <ClCompile Include="D:\mount\libevent-2.1.10-win\source\evthread_win32.c">
      <Filter>Source Core</Filter>
    </ClCompile>
    <ClCompile Include="D:\mount\libevent-2.1.10-win\source\buffer_iocp.c">
      <Filter>Source Core</Filter>
    </ClCompile>
    <ClCompile Include="D:\mount\libevent-2.1.10-win\source\bufferevent_async.c">
      <Filter>Source Core</Filter>
    </ClCompile>
    <ClCompile Include="D:\mount\libevent-2.1.10-win\source\event_iocp.c">
      <Filter>Source Core</Filter>
    </ClCompile>
    <ClCompile Include="D:\mount\libevent-2.1.10-win\source\win32select.c">
      <Filter>Source Core</Filter>
    </ClCompile>
    <ClCompile Include="D:\mount\libevent-2.1.10-win\source\event_tagging.c">
      <Filter>Source Extra</Filter>
    </ClCompile>
    <ClCompile Include="D:\mount\libevent-2.1.10-win\source\http.c">
      <Filter>Source Extra</Filter>
    </ClCompile>
    <ClCompile Include="D:\mount\libevent-2.1.10-win\source\evdns.c">
      <Filter>Source Extra</Filter>
    </ClCompile>
    <ClCompile Include="D:\mount\libevent-2.1.10-win\source\evrpc.c">
      <Filter>Source Extra</Filter>
    </ClCompile>
  </ItemGroup>
  <ItemGroup>
    <CustomBuild Include="D:\mount\libevent-2.1.10-win\source\CMakeLists.txt" />
  </ItemGroup>
  <ItemGroup>
    <Filter Include="Source Core">
      <UniqueIdentifier>{602AAAB7-702B-33A2-ADD1-EA831700C804}</UniqueIdentifier>
    </Filter>
    <Filter Include="Source Extra">
      <UniqueIdentifier>{1309A47C-A4CB-310A-A47C-E3F455CEEF32}</UniqueIdentifier>
    </Filter>
  </ItemGroup>
</Project>
