Microsoft Visual Studio Solution File, Format Version 12.00
# Visual Studio 15
Project("{8BC9CEB8-8B4A-11D0-8D11-00A0C91BC942}") = "ALL_BUILD", "ALL_BUILD.vcxproj", "{CCB64EF2-DE2F-363D-96CC-D29A295AF13A}"
	ProjectSection(ProjectDependencies) = postProject
		{F9CCF6DC-E554-3C72-9D57-8E91D48A4BB7} = {F9CCF6DC-E554-3C72-9D57-8E91D48A4BB7}
		{0C00A19C-0E98-3F3B-B0AB-409EAA57704A} = {0C00A19C-0E98-3F3B-B0AB-409EAA57704A}
		{9F67717A-ED34-3E06-B223-1F1593766010} = {9F67717A-ED34-3E06-B223-1F1593766010}
		{190606AA-D216-3B33-991C-2FE73BDDD0B5} = {190606AA-D216-3B33-991C-2FE73BDDD0B5}
		{46EE614A-DC09-3319-8628-64785348EACB} = {46EE614A-DC09-3319-8628-64785348EACB}
		{F62889C7-D0B3-3076-B68F-CBD69D5856A3} = {F62889C7-D0B3-3076-B68F-CBD69D5856A3}
		{27DAFDEB-D944-3308-B6E2-4002F87D3B45} = {27DAFDEB-D944-3308-B6E2-4002F87D3B45}
		{2EE51D40-26E9-3352-8722-8F08038661B8} = {2EE51D40-26E9-3352-8722-8F08038661B8}
		{ED6B7CF3-B336-307B-910F-1E0F968472D9} = {ED6B7CF3-B336-307B-910F-1E0F968472D9}
		{06B3711E-A613-379E-84D6-BB0EFDC4451C} = {06B3711E-A613-379E-84D6-BB0EFDC4451C}
		{D68109FD-B53B-3D8E-B007-ED2577CA9FC0} = {D68109FD-B53B-3D8E-B007-ED2577CA9FC0}
		{F9EF45A8-F75D-37BE-820D-468FB65EE0D0} = {F9EF45A8-F75D-37BE-820D-468FB65EE0D0}
		{FF911229-397A-3367-B322-5E2CE3970D9E} = {FF911229-397A-3367-B322-5E2CE3970D9E}
		{E7D2CF27-5BEF-37D7-BCD7-D544C410C073} = {E7D2CF27-5BEF-37D7-BCD7-D544C410C073}
		{2F3A802D-5B30-38B8-A244-5A6522D1D427} = {2F3A802D-5B30-38B8-A244-5A6522D1D427}
		{5E1A9B89-656C-3CA5-A02B-AF45DDD5BBAE} = {5E1A9B89-656C-3CA5-A02B-AF45DDD5BBAE}
		{20F0A827-13C3-39C1-B86B-ADE8426D8D93} = {20F0A827-13C3-39C1-B86B-ADE8426D8D93}
		{395A675D-5FB5-33E1-BB4C-8CBB0B7929FA} = {395A675D-5FB5-33E1-BB4C-8CBB0B7929FA}
		{F53B674C-8294-35FE-B1F3-4BE5C000B009} = {F53B674C-8294-35FE-B1F3-4BE5C000B009}
		{87CD5645-5783-32A5-A498-1CE5C44877F5} = {87CD5645-5783-32A5-A498-1CE5C44877F5}
		{89C5231F-FF4A-37D9-9257-5A1C455008A3} = {89C5231F-FF4A-37D9-9257-5A1C455008A3}
		{920F2DDC-10D3-35D8-97E3-8E831FBC8D9B} = {920F2DDC-10D3-35D8-97E3-8E831FBC8D9B}
		{B23B02FB-A62A-3D4D-A55C-2AC37BAEE8D8} = {B23B02FB-A62A-3D4D-A55C-2AC37BAEE8D8}
		{A85B401A-F205-3DC1-B733-A87A9C7FFD4F} = {A85B401A-F205-3DC1-B733-A87A9C7FFD4F}
		{8726534C-BA30-3AF6-B1B8-2FD65DB54FAA} = {8726534C-BA30-3AF6-B1B8-2FD65DB54FAA}
		{FB213BB5-4D71-3526-9BA7-47F20F0AD997} = {FB213BB5-4D71-3526-9BA7-47F20F0AD997}
		{986C5CB5-4F36-38A3-A44E-89AE6D913152} = {986C5CB5-4F36-38A3-A44E-89AE6D913152}
	EndProjectSection
EndProject
Project("{8BC9CEB8-8B4A-11D0-8D11-00A0C91BC942}") = "Continuous", "Continuous.vcxproj", "{D46D052E-2048-3A85-BEEA-7B6453927BB6}"
	ProjectSection(ProjectDependencies) = postProject
		{F9CCF6DC-E554-3C72-9D57-8E91D48A4BB7} = {F9CCF6DC-E554-3C72-9D57-8E91D48A4BB7}
	EndProjectSection
EndProject
Project("{8BC9CEB8-8B4A-11D0-8D11-00A0C91BC942}") = "Experimental", "Experimental.vcxproj", "{C9D0A85D-35DE-39A4-A2EC-24D891708CEA}"
	ProjectSection(ProjectDependencies) = postProject
		{F9CCF6DC-E554-3C72-9D57-8E91D48A4BB7} = {F9CCF6DC-E554-3C72-9D57-8E91D48A4BB7}
	EndProjectSection
EndProject
Project("{8BC9CEB8-8B4A-11D0-8D11-00A0C91BC942}") = "INSTALL", "INSTALL.vcxproj", "{EB3C8090-3542-33A3-948B-16021041CD6D}"
	ProjectSection(ProjectDependencies) = postProject
		{CCB64EF2-DE2F-363D-96CC-D29A295AF13A} = {CCB64EF2-DE2F-363D-96CC-D29A295AF13A}
		{F9CCF6DC-E554-3C72-9D57-8E91D48A4BB7} = {F9CCF6DC-E554-3C72-9D57-8E91D48A4BB7}
	EndProjectSection
EndProject
Project("{8BC9CEB8-8B4A-11D0-8D11-00A0C91BC942}") = "Nightly", "Nightly.vcxproj", "{3805C418-17FD-3F25-B31B-997FEEB97D68}"
	ProjectSection(ProjectDependencies) = postProject
		{F9CCF6DC-E554-3C72-9D57-8E91D48A4BB7} = {F9CCF6DC-E554-3C72-9D57-8E91D48A4BB7}
	EndProjectSection
EndProject
Project("{8BC9CEB8-8B4A-11D0-8D11-00A0C91BC942}") = "NightlyMemoryCheck", "NightlyMemoryCheck.vcxproj", "{29F33B62-A7CA-334D-8B10-DDB502BE00FB}"
	ProjectSection(ProjectDependencies) = postProject
		{F9CCF6DC-E554-3C72-9D57-8E91D48A4BB7} = {F9CCF6DC-E554-3C72-9D57-8E91D48A4BB7}
	EndProjectSection
EndProject
Project("{8BC9CEB8-8B4A-11D0-8D11-00A0C91BC942}") = "RUN_TESTS", "RUN_TESTS.vcxproj", "{29867BFA-DDA2-38FA-B1B7-7624C38C239D}"
	ProjectSection(ProjectDependencies) = postProject
		{F9CCF6DC-E554-3C72-9D57-8E91D48A4BB7} = {F9CCF6DC-E554-3C72-9D57-8E91D48A4BB7}
	EndProjectSection
EndProject
Project("{8BC9CEB8-8B4A-11D0-8D11-00A0C91BC942}") = "ZERO_CHECK", "ZERO_CHECK.vcxproj", "{F9CCF6DC-E554-3C72-9D57-8E91D48A4BB7}"
	ProjectSection(ProjectDependencies) = postProject
	EndProjectSection
EndProject
Project("{8BC9CEB8-8B4A-11D0-8D11-00A0C91BC942}") = "bench", "bench.vcxproj", "{0C00A19C-0E98-3F3B-B0AB-409EAA57704A}"
	ProjectSection(ProjectDependencies) = postProject
		{F9CCF6DC-E554-3C72-9D57-8E91D48A4BB7} = {F9CCF6DC-E554-3C72-9D57-8E91D48A4BB7}
		{2EE51D40-26E9-3352-8722-8F08038661B8} = {2EE51D40-26E9-3352-8722-8F08038661B8}
		{ED6B7CF3-B336-307B-910F-1E0F968472D9} = {ED6B7CF3-B336-307B-910F-1E0F968472D9}
	EndProjectSection
EndProject
Project("{8BC9CEB8-8B4A-11D0-8D11-00A0C91BC942}") = "bench_cascade", "bench_cascade.vcxproj", "{9F67717A-ED34-3E06-B223-1F1593766010}"
	ProjectSection(ProjectDependencies) = postProject
		{F9CCF6DC-E554-3C72-9D57-8E91D48A4BB7} = {F9CCF6DC-E554-3C72-9D57-8E91D48A4BB7}
		{2EE51D40-26E9-3352-8722-8F08038661B8} = {2EE51D40-26E9-3352-8722-8F08038661B8}
		{ED6B7CF3-B336-307B-910F-1E0F968472D9} = {ED6B7CF3-B336-307B-910F-1E0F968472D9}
	EndProjectSection
EndProject
Project("{8BC9CEB8-8B4A-11D0-8D11-00A0C91BC942}") = "bench_http", "bench_http.vcxproj", "{190606AA-D216-3B33-991C-2FE73BDDD0B5}"
	ProjectSection(ProjectDependencies) = postProject
		{F9CCF6DC-E554-3C72-9D57-8E91D48A4BB7} = {F9CCF6DC-E554-3C72-9D57-8E91D48A4BB7}
		{2EE51D40-26E9-3352-8722-8F08038661B8} = {2EE51D40-26E9-3352-8722-8F08038661B8}
		{ED6B7CF3-B336-307B-910F-1E0F968472D9} = {ED6B7CF3-B336-307B-910F-1E0F968472D9}
	EndProjectSection
EndProject
Project("{8BC9CEB8-8B4A-11D0-8D11-00A0C91BC942}") = "bench_httpclient", "bench_httpclient.vcxproj", "{46EE614A-DC09-3319-8628-64785348EACB}"
	ProjectSection(ProjectDependencies) = postProject
		{F9CCF6DC-E554-3C72-9D57-8E91D48A4BB7} = {F9CCF6DC-E554-3C72-9D57-8E91D48A4BB7}
		{2EE51D40-26E9-3352-8722-8F08038661B8} = {2EE51D40-26E9-3352-8722-8F08038661B8}
		{ED6B7CF3-B336-307B-910F-1E0F968472D9} = {ED6B7CF3-B336-307B-910F-1E0F968472D9}
	EndProjectSection
EndProject
Project("{8BC9CEB8-8B4A-11D0-8D11-00A0C91BC942}") = "dns-example", "dns-example.vcxproj", "{F62889C7-D0B3-3076-B68F-CBD69D5856A3}"
	ProjectSection(ProjectDependencies) = postProject
		{F9CCF6DC-E554-3C72-9D57-8E91D48A4BB7} = {F9CCF6DC-E554-3C72-9D57-8E91D48A4BB7}
		{2EE51D40-26E9-3352-8722-8F08038661B8} = {2EE51D40-26E9-3352-8722-8F08038661B8}
		{ED6B7CF3-B336-307B-910F-1E0F968472D9} = {ED6B7CF3-B336-307B-910F-1E0F968472D9}
	EndProjectSection
EndProject
Project("{8BC9CEB8-8B4A-11D0-8D11-00A0C91BC942}") = "event-read-fifo", "event-read-fifo.vcxproj", "{27DAFDEB-D944-3308-B6E2-4002F87D3B45}"
	ProjectSection(ProjectDependencies) = postProject
		{F9CCF6DC-E554-3C72-9D57-8E91D48A4BB7} = {F9CCF6DC-E554-3C72-9D57-8E91D48A4BB7}
		{2EE51D40-26E9-3352-8722-8F08038661B8} = {2EE51D40-26E9-3352-8722-8F08038661B8}
		{ED6B7CF3-B336-307B-910F-1E0F968472D9} = {ED6B7CF3-B336-307B-910F-1E0F968472D9}
	EndProjectSection
EndProject
Project("{8BC9CEB8-8B4A-11D0-8D11-00A0C91BC942}") = "event_core_shared", "event_core_shared.vcxproj", "{2EE51D40-26E9-3352-8722-8F08038661B8}"
	ProjectSection(ProjectDependencies) = postProject
		{F9CCF6DC-E554-3C72-9D57-8E91D48A4BB7} = {F9CCF6DC-E554-3C72-9D57-8E91D48A4BB7}
	EndProjectSection
EndProject
Project("{8BC9CEB8-8B4A-11D0-8D11-00A0C91BC942}") = "event_extra_shared", "event_extra_shared.vcxproj", "{ED6B7CF3-B336-307B-910F-1E0F968472D9}"
	ProjectSection(ProjectDependencies) = postProject
		{F9CCF6DC-E554-3C72-9D57-8E91D48A4BB7} = {F9CCF6DC-E554-3C72-9D57-8E91D48A4BB7}
		{2EE51D40-26E9-3352-8722-8F08038661B8} = {2EE51D40-26E9-3352-8722-8F08038661B8}
	EndProjectSection
EndProject
Project("{8BC9CEB8-8B4A-11D0-8D11-00A0C91BC942}") = "event_openssl_shared", "event_openssl_shared.vcxproj", "{06B3711E-A613-379E-84D6-BB0EFDC4451C}"
	ProjectSection(ProjectDependencies) = postProject
		{F9CCF6DC-E554-3C72-9D57-8E91D48A4BB7} = {F9CCF6DC-E554-3C72-9D57-8E91D48A4BB7}
		{2EE51D40-26E9-3352-8722-8F08038661B8} = {2EE51D40-26E9-3352-8722-8F08038661B8}
	EndProjectSection
EndProject
Project("{8BC9CEB8-8B4A-11D0-8D11-00A0C91BC942}") = "event_shared", "event_shared.vcxproj", "{D68109FD-B53B-3D8E-B007-ED2577CA9FC0}"
	ProjectSection(ProjectDependencies) = postProject
		{F9CCF6DC-E554-3C72-9D57-8E91D48A4BB7} = {F9CCF6DC-E554-3C72-9D57-8E91D48A4BB7}
	EndProjectSection
EndProject
Project("{8BC9CEB8-8B4A-11D0-8D11-00A0C91BC942}") = "hello-world", "hello-world.vcxproj", "{F9EF45A8-F75D-37BE-820D-468FB65EE0D0}"
	ProjectSection(ProjectDependencies) = postProject
		{F9CCF6DC-E554-3C72-9D57-8E91D48A4BB7} = {F9CCF6DC-E554-3C72-9D57-8E91D48A4BB7}
		{2EE51D40-26E9-3352-8722-8F08038661B8} = {2EE51D40-26E9-3352-8722-8F08038661B8}
		{ED6B7CF3-B336-307B-910F-1E0F968472D9} = {ED6B7CF3-B336-307B-910F-1E0F968472D9}
	EndProjectSection
EndProject
Project("{8BC9CEB8-8B4A-11D0-8D11-00A0C91BC942}") = "http-connect", "http-connect.vcxproj", "{FF911229-397A-3367-B322-5E2CE3970D9E}"
	ProjectSection(ProjectDependencies) = postProject
		{F9CCF6DC-E554-3C72-9D57-8E91D48A4BB7} = {F9CCF6DC-E554-3C72-9D57-8E91D48A4BB7}
		{2EE51D40-26E9-3352-8722-8F08038661B8} = {2EE51D40-26E9-3352-8722-8F08038661B8}
		{ED6B7CF3-B336-307B-910F-1E0F968472D9} = {ED6B7CF3-B336-307B-910F-1E0F968472D9}
	EndProjectSection
EndProject
Project("{8BC9CEB8-8B4A-11D0-8D11-00A0C91BC942}") = "http-server", "http-server.vcxproj", "{E7D2CF27-5BEF-37D7-BCD7-D544C410C073}"
	ProjectSection(ProjectDependencies) = postProject
		{F9CCF6DC-E554-3C72-9D57-8E91D48A4BB7} = {F9CCF6DC-E554-3C72-9D57-8E91D48A4BB7}
		{2EE51D40-26E9-3352-8722-8F08038661B8} = {2EE51D40-26E9-3352-8722-8F08038661B8}
		{ED6B7CF3-B336-307B-910F-1E0F968472D9} = {ED6B7CF3-B336-307B-910F-1E0F968472D9}
	EndProjectSection
EndProject
Project("{8BC9CEB8-8B4A-11D0-8D11-00A0C91BC942}") = "https-client", "https-client.vcxproj", "{2F3A802D-5B30-38B8-A244-5A6522D1D427}"
	ProjectSection(ProjectDependencies) = postProject
		{F9CCF6DC-E554-3C72-9D57-8E91D48A4BB7} = {F9CCF6DC-E554-3C72-9D57-8E91D48A4BB7}
		{2EE51D40-26E9-3352-8722-8F08038661B8} = {2EE51D40-26E9-3352-8722-8F08038661B8}
		{ED6B7CF3-B336-307B-910F-1E0F968472D9} = {ED6B7CF3-B336-307B-910F-1E0F968472D9}
		{06B3711E-A613-379E-84D6-BB0EFDC4451C} = {06B3711E-A613-379E-84D6-BB0EFDC4451C}
	EndProjectSection
EndProject
Project("{8BC9CEB8-8B4A-11D0-8D11-00A0C91BC942}") = "le-proxy", "le-proxy.vcxproj", "{5E1A9B89-656C-3CA5-A02B-AF45DDD5BBAE}"
	ProjectSection(ProjectDependencies) = postProject
		{F9CCF6DC-E554-3C72-9D57-8E91D48A4BB7} = {F9CCF6DC-E554-3C72-9D57-8E91D48A4BB7}
		{2EE51D40-26E9-3352-8722-8F08038661B8} = {2EE51D40-26E9-3352-8722-8F08038661B8}
		{ED6B7CF3-B336-307B-910F-1E0F968472D9} = {ED6B7CF3-B336-307B-910F-1E0F968472D9}
		{06B3711E-A613-379E-84D6-BB0EFDC4451C} = {06B3711E-A613-379E-84D6-BB0EFDC4451C}
	EndProjectSection
EndProject
Project("{8BC9CEB8-8B4A-11D0-8D11-00A0C91BC942}") = "regress", "regress.vcxproj", "{20F0A827-13C3-39C1-B86B-ADE8426D8D93}"
	ProjectSection(ProjectDependencies) = postProject
		{F9CCF6DC-E554-3C72-9D57-8E91D48A4BB7} = {F9CCF6DC-E554-3C72-9D57-8E91D48A4BB7}
		{2EE51D40-26E9-3352-8722-8F08038661B8} = {2EE51D40-26E9-3352-8722-8F08038661B8}
		{ED6B7CF3-B336-307B-910F-1E0F968472D9} = {ED6B7CF3-B336-307B-910F-1E0F968472D9}
		{06B3711E-A613-379E-84D6-BB0EFDC4451C} = {06B3711E-A613-379E-84D6-BB0EFDC4451C}
	EndProjectSection
EndProject
Project("{8BC9CEB8-8B4A-11D0-8D11-00A0C91BC942}") = "signal-test", "signal-test.vcxproj", "{395A675D-5FB5-33E1-BB4C-8CBB0B7929FA}"
	ProjectSection(ProjectDependencies) = postProject
		{F9CCF6DC-E554-3C72-9D57-8E91D48A4BB7} = {F9CCF6DC-E554-3C72-9D57-8E91D48A4BB7}
		{2EE51D40-26E9-3352-8722-8F08038661B8} = {2EE51D40-26E9-3352-8722-8F08038661B8}
		{ED6B7CF3-B336-307B-910F-1E0F968472D9} = {ED6B7CF3-B336-307B-910F-1E0F968472D9}
	EndProjectSection
EndProject
Project("{8BC9CEB8-8B4A-11D0-8D11-00A0C91BC942}") = "test-changelist", "test-changelist.vcxproj", "{F53B674C-8294-35FE-B1F3-4BE5C000B009}"
	ProjectSection(ProjectDependencies) = postProject
		{F9CCF6DC-E554-3C72-9D57-8E91D48A4BB7} = {F9CCF6DC-E554-3C72-9D57-8E91D48A4BB7}
		{2EE51D40-26E9-3352-8722-8F08038661B8} = {2EE51D40-26E9-3352-8722-8F08038661B8}
		{ED6B7CF3-B336-307B-910F-1E0F968472D9} = {ED6B7CF3-B336-307B-910F-1E0F968472D9}
	EndProjectSection
EndProject
Project("{8BC9CEB8-8B4A-11D0-8D11-00A0C91BC942}") = "test-dumpevents", "test-dumpevents.vcxproj", "{87CD5645-5783-32A5-A498-1CE5C44877F5}"
	ProjectSection(ProjectDependencies) = postProject
		{F9CCF6DC-E554-3C72-9D57-8E91D48A4BB7} = {F9CCF6DC-E554-3C72-9D57-8E91D48A4BB7}
		{2EE51D40-26E9-3352-8722-8F08038661B8} = {2EE51D40-26E9-3352-8722-8F08038661B8}
		{ED6B7CF3-B336-307B-910F-1E0F968472D9} = {ED6B7CF3-B336-307B-910F-1E0F968472D9}
	EndProjectSection
EndProject
Project("{8BC9CEB8-8B4A-11D0-8D11-00A0C91BC942}") = "test-eof", "test-eof.vcxproj", "{89C5231F-FF4A-37D9-9257-5A1C455008A3}"
	ProjectSection(ProjectDependencies) = postProject
		{F9CCF6DC-E554-3C72-9D57-8E91D48A4BB7} = {F9CCF6DC-E554-3C72-9D57-8E91D48A4BB7}
		{2EE51D40-26E9-3352-8722-8F08038661B8} = {2EE51D40-26E9-3352-8722-8F08038661B8}
		{ED6B7CF3-B336-307B-910F-1E0F968472D9} = {ED6B7CF3-B336-307B-910F-1E0F968472D9}
	EndProjectSection
EndProject
Project("{8BC9CEB8-8B4A-11D0-8D11-00A0C91BC942}") = "test-fdleak", "test-fdleak.vcxproj", "{920F2DDC-10D3-35D8-97E3-8E831FBC8D9B}"
	ProjectSection(ProjectDependencies) = postProject
		{F9CCF6DC-E554-3C72-9D57-8E91D48A4BB7} = {F9CCF6DC-E554-3C72-9D57-8E91D48A4BB7}
		{2EE51D40-26E9-3352-8722-8F08038661B8} = {2EE51D40-26E9-3352-8722-8F08038661B8}
		{ED6B7CF3-B336-307B-910F-1E0F968472D9} = {ED6B7CF3-B336-307B-910F-1E0F968472D9}
	EndProjectSection
EndProject
Project("{8BC9CEB8-8B4A-11D0-8D11-00A0C91BC942}") = "test-init", "test-init.vcxproj", "{B23B02FB-A62A-3D4D-A55C-2AC37BAEE8D8}"
	ProjectSection(ProjectDependencies) = postProject
		{F9CCF6DC-E554-3C72-9D57-8E91D48A4BB7} = {F9CCF6DC-E554-3C72-9D57-8E91D48A4BB7}
		{2EE51D40-26E9-3352-8722-8F08038661B8} = {2EE51D40-26E9-3352-8722-8F08038661B8}
		{ED6B7CF3-B336-307B-910F-1E0F968472D9} = {ED6B7CF3-B336-307B-910F-1E0F968472D9}
	EndProjectSection
EndProject
Project("{8BC9CEB8-8B4A-11D0-8D11-00A0C91BC942}") = "test-ratelim", "test-ratelim.vcxproj", "{A85B401A-F205-3DC1-B733-A87A9C7FFD4F}"
	ProjectSection(ProjectDependencies) = postProject
		{F9CCF6DC-E554-3C72-9D57-8E91D48A4BB7} = {F9CCF6DC-E554-3C72-9D57-8E91D48A4BB7}
		{2EE51D40-26E9-3352-8722-8F08038661B8} = {2EE51D40-26E9-3352-8722-8F08038661B8}
		{ED6B7CF3-B336-307B-910F-1E0F968472D9} = {ED6B7CF3-B336-307B-910F-1E0F968472D9}
	EndProjectSection
EndProject
Project("{8BC9CEB8-8B4A-11D0-8D11-00A0C91BC942}") = "test-time", "test-time.vcxproj", "{8726534C-BA30-3AF6-B1B8-2FD65DB54FAA}"
	ProjectSection(ProjectDependencies) = postProject
		{F9CCF6DC-E554-3C72-9D57-8E91D48A4BB7} = {F9CCF6DC-E554-3C72-9D57-8E91D48A4BB7}
		{2EE51D40-26E9-3352-8722-8F08038661B8} = {2EE51D40-26E9-3352-8722-8F08038661B8}
		{ED6B7CF3-B336-307B-910F-1E0F968472D9} = {ED6B7CF3-B336-307B-910F-1E0F968472D9}
	EndProjectSection
EndProject
Project("{8BC9CEB8-8B4A-11D0-8D11-00A0C91BC942}") = "test-weof", "test-weof.vcxproj", "{FB213BB5-4D71-3526-9BA7-47F20F0AD997}"
	ProjectSection(ProjectDependencies) = postProject
		{F9CCF6DC-E554-3C72-9D57-8E91D48A4BB7} = {F9CCF6DC-E554-3C72-9D57-8E91D48A4BB7}
		{2EE51D40-26E9-3352-8722-8F08038661B8} = {2EE51D40-26E9-3352-8722-8F08038661B8}
		{ED6B7CF3-B336-307B-910F-1E0F968472D9} = {ED6B7CF3-B336-307B-910F-1E0F968472D9}
	EndProjectSection
EndProject
Project("{8BC9CEB8-8B4A-11D0-8D11-00A0C91BC942}") = "time-test", "time-test.vcxproj", "{986C5CB5-4F36-38A3-A44E-89AE6D913152}"
	ProjectSection(ProjectDependencies) = postProject
		{F9CCF6DC-E554-3C72-9D57-8E91D48A4BB7} = {F9CCF6DC-E554-3C72-9D57-8E91D48A4BB7}
		{2EE51D40-26E9-3352-8722-8F08038661B8} = {2EE51D40-26E9-3352-8722-8F08038661B8}
		{ED6B7CF3-B336-307B-910F-1E0F968472D9} = {ED6B7CF3-B336-307B-910F-1E0F968472D9}
	EndProjectSection
EndProject
Project("{8BC9CEB8-8B4A-11D0-8D11-00A0C91BC942}") = "verify", "verify.vcxproj", "{0B94F0D1-3368-3280-94AA-5201D3512CB7}"
	ProjectSection(ProjectDependencies) = postProject
		{F9CCF6DC-E554-3C72-9D57-8E91D48A4BB7} = {F9CCF6DC-E554-3C72-9D57-8E91D48A4BB7}
		{20F0A827-13C3-39C1-B86B-ADE8426D8D93} = {20F0A827-13C3-39C1-B86B-ADE8426D8D93}
		{F53B674C-8294-35FE-B1F3-4BE5C000B009} = {F53B674C-8294-35FE-B1F3-4BE5C000B009}
		{87CD5645-5783-32A5-A498-1CE5C44877F5} = {87CD5645-5783-32A5-A498-1CE5C44877F5}
		{89C5231F-FF4A-37D9-9257-5A1C455008A3} = {89C5231F-FF4A-37D9-9257-5A1C455008A3}
		{920F2DDC-10D3-35D8-97E3-8E831FBC8D9B} = {920F2DDC-10D3-35D8-97E3-8E831FBC8D9B}
		{B23B02FB-A62A-3D4D-A55C-2AC37BAEE8D8} = {B23B02FB-A62A-3D4D-A55C-2AC37BAEE8D8}
		{A85B401A-F205-3DC1-B733-A87A9C7FFD4F} = {A85B401A-F205-3DC1-B733-A87A9C7FFD4F}
		{8726534C-BA30-3AF6-B1B8-2FD65DB54FAA} = {8726534C-BA30-3AF6-B1B8-2FD65DB54FAA}
		{FB213BB5-4D71-3526-9BA7-47F20F0AD997} = {FB213BB5-4D71-3526-9BA7-47F20F0AD997}
	EndProjectSection
EndProject
Global
	GlobalSection(SolutionConfigurationPlatforms) = preSolution
		Debug|x64 = Debug|x64
		Release|x64 = Release|x64
	EndGlobalSection
	GlobalSection(ProjectConfigurationPlatforms) = postSolution
		{CCB64EF2-DE2F-363D-96CC-D29A295AF13A}.Debug|x64.ActiveCfg = Debug|x64
		{CCB64EF2-DE2F-363D-96CC-D29A295AF13A}.Debug|x64.Build.0 = Debug|x64
		{CCB64EF2-DE2F-363D-96CC-D29A295AF13A}.Release|x64.ActiveCfg = Release|x64
		{CCB64EF2-DE2F-363D-96CC-D29A295AF13A}.Release|x64.Build.0 = Release|x64
		{D46D052E-2048-3A85-BEEA-7B6453927BB6}.Debug|x64.ActiveCfg = Debug|x64
		{D46D052E-2048-3A85-BEEA-7B6453927BB6}.Release|x64.ActiveCfg = Release|x64
		{C9D0A85D-35DE-39A4-A2EC-24D891708CEA}.Debug|x64.ActiveCfg = Debug|x64
		{C9D0A85D-35DE-39A4-A2EC-24D891708CEA}.Release|x64.ActiveCfg = Release|x64
		{EB3C8090-3542-33A3-948B-16021041CD6D}.Debug|x64.ActiveCfg = Debug|x64
		{EB3C8090-3542-33A3-948B-16021041CD6D}.Release|x64.ActiveCfg = Release|x64
		{3805C418-17FD-3F25-B31B-997FEEB97D68}.Debug|x64.ActiveCfg = Debug|x64
		{3805C418-17FD-3F25-B31B-997FEEB97D68}.Release|x64.ActiveCfg = Release|x64
		{29F33B62-A7CA-334D-8B10-DDB502BE00FB}.Debug|x64.ActiveCfg = Debug|x64
		{29F33B62-A7CA-334D-8B10-DDB502BE00FB}.Release|x64.ActiveCfg = Release|x64
		{29867BFA-DDA2-38FA-B1B7-7624C38C239D}.Debug|x64.ActiveCfg = Debug|x64
		{29867BFA-DDA2-38FA-B1B7-7624C38C239D}.Release|x64.ActiveCfg = Release|x64
		{F9CCF6DC-E554-3C72-9D57-8E91D48A4BB7}.Debug|x64.ActiveCfg = Debug|x64
		{F9CCF6DC-E554-3C72-9D57-8E91D48A4BB7}.Debug|x64.Build.0 = Debug|x64
		{F9CCF6DC-E554-3C72-9D57-8E91D48A4BB7}.Release|x64.ActiveCfg = Release|x64
		{F9CCF6DC-E554-3C72-9D57-8E91D48A4BB7}.Release|x64.Build.0 = Release|x64
		{0C00A19C-0E98-3F3B-B0AB-409EAA57704A}.Debug|x64.ActiveCfg = Debug|x64
		{0C00A19C-0E98-3F3B-B0AB-409EAA57704A}.Debug|x64.Build.0 = Debug|x64
		{0C00A19C-0E98-3F3B-B0AB-409EAA57704A}.Release|x64.ActiveCfg = Release|x64
		{0C00A19C-0E98-3F3B-B0AB-409EAA57704A}.Release|x64.Build.0 = Release|x64
		{9F67717A-ED34-3E06-B223-1F1593766010}.Debug|x64.ActiveCfg = Debug|x64
		{9F67717A-ED34-3E06-B223-1F1593766010}.Debug|x64.Build.0 = Debug|x64
		{9F67717A-ED34-3E06-B223-1F1593766010}.Release|x64.ActiveCfg = Release|x64
		{9F67717A-ED34-3E06-B223-1F1593766010}.Release|x64.Build.0 = Release|x64
		{190606AA-D216-3B33-991C-2FE73BDDD0B5}.Debug|x64.ActiveCfg = Debug|x64
		{190606AA-D216-3B33-991C-2FE73BDDD0B5}.Debug|x64.Build.0 = Debug|x64
		{190606AA-D216-3B33-991C-2FE73BDDD0B5}.Release|x64.ActiveCfg = Release|x64
		{190606AA-D216-3B33-991C-2FE73BDDD0B5}.Release|x64.Build.0 = Release|x64
		{46EE614A-DC09-3319-8628-64785348EACB}.Debug|x64.ActiveCfg = Debug|x64
		{46EE614A-DC09-3319-8628-64785348EACB}.Debug|x64.Build.0 = Debug|x64
		{46EE614A-DC09-3319-8628-64785348EACB}.Release|x64.ActiveCfg = Release|x64
		{46EE614A-DC09-3319-8628-64785348EACB}.Release|x64.Build.0 = Release|x64
		{F62889C7-D0B3-3076-B68F-CBD69D5856A3}.Debug|x64.ActiveCfg = Debug|x64
		{F62889C7-D0B3-3076-B68F-CBD69D5856A3}.Debug|x64.Build.0 = Debug|x64
		{F62889C7-D0B3-3076-B68F-CBD69D5856A3}.Release|x64.ActiveCfg = Release|x64
		{F62889C7-D0B3-3076-B68F-CBD69D5856A3}.Release|x64.Build.0 = Release|x64
		{27DAFDEB-D944-3308-B6E2-4002F87D3B45}.Debug|x64.ActiveCfg = Debug|x64
		{27DAFDEB-D944-3308-B6E2-4002F87D3B45}.Debug|x64.Build.0 = Debug|x64
		{27DAFDEB-D944-3308-B6E2-4002F87D3B45}.Release|x64.ActiveCfg = Release|x64
		{27DAFDEB-D944-3308-B6E2-4002F87D3B45}.Release|x64.Build.0 = Release|x64
		{2EE51D40-26E9-3352-8722-8F08038661B8}.Debug|x64.ActiveCfg = Debug|x64
		{2EE51D40-26E9-3352-8722-8F08038661B8}.Debug|x64.Build.0 = Debug|x64
		{2EE51D40-26E9-3352-8722-8F08038661B8}.Release|x64.ActiveCfg = Release|x64
		{2EE51D40-26E9-3352-8722-8F08038661B8}.Release|x64.Build.0 = Release|x64
		{ED6B7CF3-B336-307B-910F-1E0F968472D9}.Debug|x64.ActiveCfg = Debug|x64
		{ED6B7CF3-B336-307B-910F-1E0F968472D9}.Debug|x64.Build.0 = Debug|x64
		{ED6B7CF3-B336-307B-910F-1E0F968472D9}.Release|x64.ActiveCfg = Release|x64
		{ED6B7CF3-B336-307B-910F-1E0F968472D9}.Release|x64.Build.0 = Release|x64
		{06B3711E-A613-379E-84D6-BB0EFDC4451C}.Debug|x64.ActiveCfg = Debug|x64
		{06B3711E-A613-379E-84D6-BB0EFDC4451C}.Debug|x64.Build.0 = Debug|x64
		{06B3711E-A613-379E-84D6-BB0EFDC4451C}.Release|x64.ActiveCfg = Release|x64
		{06B3711E-A613-379E-84D6-BB0EFDC4451C}.Release|x64.Build.0 = Release|x64
		{D68109FD-B53B-3D8E-B007-ED2577CA9FC0}.Debug|x64.ActiveCfg = Debug|x64
		{D68109FD-B53B-3D8E-B007-ED2577CA9FC0}.Debug|x64.Build.0 = Debug|x64
		{D68109FD-B53B-3D8E-B007-ED2577CA9FC0}.Release|x64.ActiveCfg = Release|x64
		{D68109FD-B53B-3D8E-B007-ED2577CA9FC0}.Release|x64.Build.0 = Release|x64
		{F9EF45A8-F75D-37BE-820D-468FB65EE0D0}.Debug|x64.ActiveCfg = Debug|x64
		{F9EF45A8-F75D-37BE-820D-468FB65EE0D0}.Debug|x64.Build.0 = Debug|x64
		{F9EF45A8-F75D-37BE-820D-468FB65EE0D0}.Release|x64.ActiveCfg = Release|x64
		{F9EF45A8-F75D-37BE-820D-468FB65EE0D0}.Release|x64.Build.0 = Release|x64
		{FF911229-397A-3367-B322-5E2CE3970D9E}.Debug|x64.ActiveCfg = Debug|x64
		{FF911229-397A-3367-B322-5E2CE3970D9E}.Debug|x64.Build.0 = Debug|x64
		{FF911229-397A-3367-B322-5E2CE3970D9E}.Release|x64.ActiveCfg = Release|x64
		{FF911229-397A-3367-B322-5E2CE3970D9E}.Release|x64.Build.0 = Release|x64
		{E7D2CF27-5BEF-37D7-BCD7-D544C410C073}.Debug|x64.ActiveCfg = Debug|x64
		{E7D2CF27-5BEF-37D7-BCD7-D544C410C073}.Debug|x64.Build.0 = Debug|x64
		{E7D2CF27-5BEF-37D7-BCD7-D544C410C073}.Release|x64.ActiveCfg = Release|x64
		{E7D2CF27-5BEF-37D7-BCD7-D544C410C073}.Release|x64.Build.0 = Release|x64
		{2F3A802D-5B30-38B8-A244-5A6522D1D427}.Debug|x64.ActiveCfg = Debug|x64
		{2F3A802D-5B30-38B8-A244-5A6522D1D427}.Debug|x64.Build.0 = Debug|x64
		{2F3A802D-5B30-38B8-A244-5A6522D1D427}.Release|x64.ActiveCfg = Release|x64
		{2F3A802D-5B30-38B8-A244-5A6522D1D427}.Release|x64.Build.0 = Release|x64
		{5E1A9B89-656C-3CA5-A02B-AF45DDD5BBAE}.Debug|x64.ActiveCfg = Debug|x64
		{5E1A9B89-656C-3CA5-A02B-AF45DDD5BBAE}.Debug|x64.Build.0 = Debug|x64
		{5E1A9B89-656C-3CA5-A02B-AF45DDD5BBAE}.Release|x64.ActiveCfg = Release|x64
		{5E1A9B89-656C-3CA5-A02B-AF45DDD5BBAE}.Release|x64.Build.0 = Release|x64
		{20F0A827-13C3-39C1-B86B-ADE8426D8D93}.Debug|x64.ActiveCfg = Debug|x64
		{20F0A827-13C3-39C1-B86B-ADE8426D8D93}.Debug|x64.Build.0 = Debug|x64
		{20F0A827-13C3-39C1-B86B-ADE8426D8D93}.Release|x64.ActiveCfg = Release|x64
		{20F0A827-13C3-39C1-B86B-ADE8426D8D93}.Release|x64.Build.0 = Release|x64
		{395A675D-5FB5-33E1-BB4C-8CBB0B7929FA}.Debug|x64.ActiveCfg = Debug|x64
		{395A675D-5FB5-33E1-BB4C-8CBB0B7929FA}.Debug|x64.Build.0 = Debug|x64
		{395A675D-5FB5-33E1-BB4C-8CBB0B7929FA}.Release|x64.ActiveCfg = Release|x64
		{395A675D-5FB5-33E1-BB4C-8CBB0B7929FA}.Release|x64.Build.0 = Release|x64
		{F53B674C-8294-35FE-B1F3-4BE5C000B009}.Debug|x64.ActiveCfg = Debug|x64
		{F53B674C-8294-35FE-B1F3-4BE5C000B009}.Debug|x64.Build.0 = Debug|x64
		{F53B674C-8294-35FE-B1F3-4BE5C000B009}.Release|x64.ActiveCfg = Release|x64
		{F53B674C-8294-35FE-B1F3-4BE5C000B009}.Release|x64.Build.0 = Release|x64
		{87CD5645-5783-32A5-A498-1CE5C44877F5}.Debug|x64.ActiveCfg = Debug|x64
		{87CD5645-5783-32A5-A498-1CE5C44877F5}.Debug|x64.Build.0 = Debug|x64
		{87CD5645-5783-32A5-A498-1CE5C44877F5}.Release|x64.ActiveCfg = Release|x64
		{87CD5645-5783-32A5-A498-1CE5C44877F5}.Release|x64.Build.0 = Release|x64
		{89C5231F-FF4A-37D9-9257-5A1C455008A3}.Debug|x64.ActiveCfg = Debug|x64
		{89C5231F-FF4A-37D9-9257-5A1C455008A3}.Debug|x64.Build.0 = Debug|x64
		{89C5231F-FF4A-37D9-9257-5A1C455008A3}.Release|x64.ActiveCfg = Release|x64
		{89C5231F-FF4A-37D9-9257-5A1C455008A3}.Release|x64.Build.0 = Release|x64
		{920F2DDC-10D3-35D8-97E3-8E831FBC8D9B}.Debug|x64.ActiveCfg = Debug|x64
		{920F2DDC-10D3-35D8-97E3-8E831FBC8D9B}.Debug|x64.Build.0 = Debug|x64
		{920F2DDC-10D3-35D8-97E3-8E831FBC8D9B}.Release|x64.ActiveCfg = Release|x64
		{920F2DDC-10D3-35D8-97E3-8E831FBC8D9B}.Release|x64.Build.0 = Release|x64
		{B23B02FB-A62A-3D4D-A55C-2AC37BAEE8D8}.Debug|x64.ActiveCfg = Debug|x64
		{B23B02FB-A62A-3D4D-A55C-2AC37BAEE8D8}.Debug|x64.Build.0 = Debug|x64
		{B23B02FB-A62A-3D4D-A55C-2AC37BAEE8D8}.Release|x64.ActiveCfg = Release|x64
		{B23B02FB-A62A-3D4D-A55C-2AC37BAEE8D8}.Release|x64.Build.0 = Release|x64
		{A85B401A-F205-3DC1-B733-A87A9C7FFD4F}.Debug|x64.ActiveCfg = Debug|x64
		{A85B401A-F205-3DC1-B733-A87A9C7FFD4F}.Debug|x64.Build.0 = Debug|x64
		{A85B401A-F205-3DC1-B733-A87A9C7FFD4F}.Release|x64.ActiveCfg = Release|x64
		{A85B401A-F205-3DC1-B733-A87A9C7FFD4F}.Release|x64.Build.0 = Release|x64
		{8726534C-BA30-3AF6-B1B8-2FD65DB54FAA}.Debug|x64.ActiveCfg = Debug|x64
		{8726534C-BA30-3AF6-B1B8-2FD65DB54FAA}.Debug|x64.Build.0 = Debug|x64
		{8726534C-BA30-3AF6-B1B8-2FD65DB54FAA}.Release|x64.ActiveCfg = Release|x64
		{8726534C-BA30-3AF6-B1B8-2FD65DB54FAA}.Release|x64.Build.0 = Release|x64
		{FB213BB5-4D71-3526-9BA7-47F20F0AD997}.Debug|x64.ActiveCfg = Debug|x64
		{FB213BB5-4D71-3526-9BA7-47F20F0AD997}.Debug|x64.Build.0 = Debug|x64
		{FB213BB5-4D71-3526-9BA7-47F20F0AD997}.Release|x64.ActiveCfg = Release|x64
		{FB213BB5-4D71-3526-9BA7-47F20F0AD997}.Release|x64.Build.0 = Release|x64
		{986C5CB5-4F36-38A3-A44E-89AE6D913152}.Debug|x64.ActiveCfg = Debug|x64
		{986C5CB5-4F36-38A3-A44E-89AE6D913152}.Debug|x64.Build.0 = Debug|x64
		{986C5CB5-4F36-38A3-A44E-89AE6D913152}.Release|x64.ActiveCfg = Release|x64
		{986C5CB5-4F36-38A3-A44E-89AE6D913152}.Release|x64.Build.0 = Release|x64
		{0B94F0D1-3368-3280-94AA-5201D3512CB7}.Debug|x64.ActiveCfg = Debug|x64
		{0B94F0D1-3368-3280-94AA-5201D3512CB7}.Release|x64.ActiveCfg = Release|x64
	EndGlobalSection
	GlobalSection(ExtensibilityGlobals) = postSolution
		SolutionGuid = {314B9EB1-EE24-3926-AB1D-84ABB1EF8299}
	EndGlobalSection
	GlobalSection(ExtensibilityAddIns) = postSolution
	EndGlobalSection
EndGlobal
