<?xml version="1.0" encoding="utf-8"?>
<Project ToolsVersion="15.0" xmlns="http://schemas.microsoft.com/developer/msbuild/2003">
  <ItemGroup>
    <ClCompile Include="D:\mount\libevent-2.1.10-win\source\test\regress.c">
      <Filter>Source Files</Filter>
    </ClCompile>
    <ClCompile Include="D:\mount\libevent-2.1.10-win\source\test\regress.gen.c">
      <Filter>Source Files</Filter>
    </ClCompile>
    <ClCompile Include="D:\mount\libevent-2.1.10-win\source\test\regress_buffer.c">
      <Filter>Source Files</Filter>
    </ClCompile>
    <ClCompile Include="D:\mount\libevent-2.1.10-win\source\test\regress_bufferevent.c">
      <Filter>Source Files</Filter>
    </ClCompile>
    <ClCompile Include="D:\mount\libevent-2.1.10-win\source\test\regress_dns.c">
      <Filter>Source Files</Filter>
    </ClCompile>
    <ClCompile Include="D:\mount\libevent-2.1.10-win\source\test\regress_et.c">
      <Filter>Source Files</Filter>
    </ClCompile>
    <ClCompile Include="D:\mount\libevent-2.1.10-win\source\test\regress_finalize.c">
      <Filter>Source Files</Filter>
    </ClCompile>
    <ClCompile Include="D:\mount\libevent-2.1.10-win\source\test\regress_http.c">
      <Filter>Source Files</Filter>
    </ClCompile>
    <ClCompile Include="D:\mount\libevent-2.1.10-win\source\test\regress_listener.c">
      <Filter>Source Files</Filter>
    </ClCompile>
    <ClCompile Include="D:\mount\libevent-2.1.10-win\source\test\regress_main.c">
      <Filter>Source Files</Filter>
    </ClCompile>
    <ClCompile Include="D:\mount\libevent-2.1.10-win\source\test\regress_minheap.c">
      <Filter>Source Files</Filter>
    </ClCompile>
    <ClCompile Include="D:\mount\libevent-2.1.10-win\source\test\regress_rpc.c">
      <Filter>Source Files</Filter>
    </ClCompile>
    <ClCompile Include="D:\mount\libevent-2.1.10-win\source\test\regress_testutils.c">
      <Filter>Source Files</Filter>
    </ClCompile>
    <ClCompile Include="D:\mount\libevent-2.1.10-win\source\test\regress_util.c">
      <Filter>Source Files</Filter>
    </ClCompile>
    <ClCompile Include="D:\mount\libevent-2.1.10-win\source\test\tinytest.c">
      <Filter>Source Files</Filter>
    </ClCompile>
    <ClCompile Include="D:\mount\libevent-2.1.10-win\source\test\regress_iocp.c">
      <Filter>Source Files</Filter>
    </ClCompile>
    <ClCompile Include="D:\mount\libevent-2.1.10-win\source\test\regress_thread.c">
      <Filter>Source Files</Filter>
    </ClCompile>
    <ClCompile Include="D:\mount\libevent-2.1.10-win\source\test\regress_ssl.c">
      <Filter>Source Files</Filter>
    </ClCompile>
  </ItemGroup>
  <ItemGroup>
    <ClInclude Include="D:\mount\libevent-2.1.10-win\source\test\regress.gen.h">
      <Filter>Header Files</Filter>
    </ClInclude>
    <ClInclude Include="D:\mount\libevent-2.1.10-win\source\test\regress_testutils.h">
      <Filter>Header Files</Filter>
    </ClInclude>
  </ItemGroup>
  <ItemGroup>
    <CustomBuild Include="D:\mount\libevent-2.1.10-win\project\CMakeFiles\3c3e41a3840764412e1d54548a5111ee\regress.gen.c.rule">
      <Filter>CMake Rules</Filter>
    </CustomBuild>
    <CustomBuild Include="D:\mount\libevent-2.1.10-win\source\CMakeLists.txt" />
  </ItemGroup>
  <ItemGroup>
    <Filter Include="CMake Rules">
      <UniqueIdentifier>{0B149DAB-5E2F-322C-B616-1793A61F0AAA}</UniqueIdentifier>
    </Filter>
    <Filter Include="Header Files">
      <UniqueIdentifier>{AEA0A74C-71EC-3BDA-824A-E1A1C1A8A1B5}</UniqueIdentifier>
    </Filter>
    <Filter Include="Source Files">
      <UniqueIdentifier>{3CBE5175-A361-39A9-841B-578593847A46}</UniqueIdentifier>
    </Filter>
  </ItemGroup>
</Project>
